<?xml version="1.0" encoding="utf-8"?>
<Project ToolsVersion="4.0" xmlns="http://schemas.microsoft.com/developer/msbuild/2003">
  <ItemGroup>
    <ClCompile Include="AnalyticalFunction.cpp" />
    <ClCompile Include="AttributeViewWidget.cpp" />
    <ClCompile Include="Buffer.cpp" />
    <ClCompile Include="Clip.cpp" />
    <ClCompile Include="ClipMapTool.cpp" />
    <ClCompile Include="ConnectSelect.cpp" />
    <ClCompile Include="CustomAttributeTableView.cpp" />
    <ClCompile Include="EditFeature.cpp" />
    <ClCompile Include="EditVectorLayer.cpp" />
    <ClCompile Include="FileSaveSelect.cpp" />
    <ClCompile Include="GISMapCanvas.cpp" />
    <ClCompile Include="KMeansSelect.cpp" />
    <ClCompile Include="LayerItemMenu.cpp" />
    <ClCompile Include="LayerView.cpp" />
    <ClCompile Include="LineEdit.cpp" />
    <ClCompile Include="main.cpp" />
    <ClCompile Include="MainWidget.cpp" />
    <ClCompile Include="PointEdit.cpp" />
    <ClCompile Include="ProjectFileIO.cpp" />
    <ClCompile Include="Projection.cpp" />
    <ClCompile Include="RasterCalculatorTool.cpp" />
    <ClCompile Include="RasterStatisticsSelect.cpp" />
    <ClCompile Include="SelectFeatureTool.cpp" />
    <ClCompile Include="SvgLabel.cpp" />
    <ClCompile Include="SymbolManger.cpp" />
    <ClCompile Include="TextSelect.cpp" />
    <ClCompile Include="UseSelected.cpp" />
  </ItemGroup>
  <ItemGroup>
    <ClInclude Include="LayerItemMenu.h" />
    <ClInclude Include="LineEdit.h" />
  </ItemGroup>
  <ItemGroup>
    <QtMoc Include="AttributeViewWidget.h" />
    <QtMoc Include="CustomAttributeTableView.h" />
    <QtMoc Include="Buffer.h" />
    <QtMoc Include="Clip.h" />
    <QtMoc Include="ClipMapTool.h" />
    <QtMoc Include="PointEdit.h" />
    <QtMoc Include="RasterCalculatorTool.h" />
    <QtMoc Include="SelectFeatureTool.h" />
    <QtMoc Include="SvgLabel.h" />
    <QtMoc Include="SymbolManger.h" />
    <QtMoc Include="SelectDialog.h" />
    <QtMoc Include="MainWidget.h" />
    <QtMoc Include="GISMapCanvas.h" />
  </ItemGroup>
  <ItemGroup>
    <QtRcc Include="MainWidget.qrc" />
  </ItemGroup>
  <ItemGroup>
    <QtUic Include="AttributeViewWidget.ui" />
    <QtUic Include="Buffer.ui" />
    <QtUic Include="Clip.ui" />
    <QtUic Include="MainWidget.ui" />
    <QtUic Include="RasterCalculatorTool.ui" />
    <QtUic Include="SymbolManger.ui" />
    <QtUic Include="TextSelect.ui" />
  </ItemGroup>
</Project>