<?xml version="1.0" encoding="utf-8"?>
<Project ToolsVersion="4.0" xmlns="http://schemas.microsoft.com/developer/msbuild/2003">
  <ItemGroup>
    <ClCompile Include="AttributeViewWidget.cpp">
      <Filter>Source Files\Attribute</Filter>
    </ClCompile>
    <ClCompile Include="LayerItemMenu.cpp">
      <Filter>Source Files\LayerItem</Filter>
    </ClCompile>
    <ClCompile Include="AnalyticalFunction.cpp">
      <Filter>Source Files\MainWidget</Filter>
    </ClCompile>
    <ClCompile Include="EditVectorLayer.cpp">
      <Filter>Source Files\MainWidget</Filter>
    </ClCompile>
    <ClCompile Include="LayerView.cpp">
      <Filter>Source Files\MainWidget</Filter>
    </ClCompile>
    <ClCompile Include="MainWidget.cpp">
      <Filter>Source Files\MainWidget</Filter>
    </ClCompile>
    <ClCompile Include="ProjectFileIO.cpp">
      <Filter>Source Files\MainWidget</Filter>
    </ClCompile>
    <ClCompile Include="Projection.cpp">
      <Filter>Source Files\MainWidget</Filter>
    </ClCompile>
    <ClCompile Include="GISMapCanvas.cpp">
      <Filter>Source Files\MapCanvas</Filter>
    </ClCompile>
    <ClCompile Include="ConnectSelect.cpp">
      <Filter>Source Files\SelectDialog</Filter>
    </ClCompile>
    <ClCompile Include="FileSaveSelect.cpp">
      <Filter>Source Files\SelectDialog</Filter>
    </ClCompile>
    <ClCompile Include="KMeansSelect.cpp">
      <Filter>Source Files\SelectDialog</Filter>
    </ClCompile>
    <ClCompile Include="RasterStatisticsSelect.cpp">
      <Filter>Source Files\SelectDialog</Filter>
    </ClCompile>
    <ClCompile Include="TextSelect.cpp">
      <Filter>Source Files\SelectDialog</Filter>
    </ClCompile>
    <ClCompile Include="EditFeature.cpp">
      <Filter>Source Files\SelectFeature</Filter>
    </ClCompile>
    <ClCompile Include="CustomAttributeTableView.cpp">
      <Filter>Source Files\Attribute</Filter>
    </ClCompile>
    <ClCompile Include="SelectFeatureTool.cpp">
      <Filter>Source Files\SelectFeature</Filter>
    </ClCompile>
    <ClCompile Include="UseSelected.cpp">
      <Filter>Source Files\SelectFeature</Filter>
    </ClCompile>
    <ClCompile Include="SvgLabel.cpp">
      <Filter>Source Files\SymbolManager</Filter>
    </ClCompile>
    <ClCompile Include="SymbolManger.cpp">
      <Filter>Source Files\SymbolManager</Filter>
    </ClCompile>
    <ClCompile Include="RasterCalculatorTool.cpp">
      <Filter>Source Files\SpatialAnalysisTools</Filter>
    </ClCompile>
    <ClCompile Include="Buffer.cpp">
      <Filter>Source Files\SpatialAnalysisTools</Filter>
    </ClCompile>
    <ClCompile Include="Clip.cpp">
      <Filter>Source Files\SpatialAnalysisTools</Filter>
    </ClCompile>
    <ClCompile Include="ClipMapTool.cpp">
      <Filter>Source Files\SpatialAnalysisTools</Filter>
    </ClCompile>
    <ClCompile Include="LineEdit.cpp">
      <Filter>Source Files\FeaturesEdit</Filter>
    </ClCompile>
    <ClCompile Include="PointEdit.cpp">
      <Filter>Source Files\FeaturesEdit</Filter>
    </ClCompile>
    <ClCompile Include="main.cpp">
      <Filter>Source Files</Filter>
    </ClCompile>
  </ItemGroup>
  <ItemGroup>
    <QtMoc Include="AttributeViewWidget.h">
      <Filter>Source Files\Attribute</Filter>
    </QtMoc>
    <QtMoc Include="MainWidget.h">
      <Filter>Source Files\MainWidget</Filter>
    </QtMoc>
    <QtMoc Include="GISMapCanvas.h">
      <Filter>Source Files\MapCanvas</Filter>
    </QtMoc>
    <QtMoc Include="SelectDialog.h">
      <Filter>Source Files\SelectDialog</Filter>
    </QtMoc>
    <QtMoc Include="CustomAttributeTableView.h">
      <Filter>Source Files\Attribute</Filter>
    </QtMoc>
    <QtMoc Include="SelectFeatureTool.h">
      <Filter>Source Files\SelectFeature</Filter>
    </QtMoc>
    <QtMoc Include="SvgLabel.h">
      <Filter>Source Files\SymbolManager</Filter>
    </QtMoc>
    <QtMoc Include="SymbolManger.h">
      <Filter>Source Files\SymbolManager</Filter>
    </QtMoc>
    <QtMoc Include="RasterCalculatorTool.h">
      <Filter>Source Files\SpatialAnalysisTools</Filter>
    </QtMoc>
    <QtMoc Include="Buffer.h">
      <Filter>Source Files\SpatialAnalysisTools</Filter>
    </QtMoc>
    <QtMoc Include="Clip.h">
      <Filter>Source Files\SpatialAnalysisTools</Filter>
    </QtMoc>
    <QtMoc Include="ClipMapTool.h">
      <Filter>Source Files\SpatialAnalysisTools</Filter>
    </QtMoc>
    <QtMoc Include="PointEdit.h">
      <Filter>Source Files\FeaturesEdit</Filter>
    </QtMoc>
  </ItemGroup>
  <ItemGroup>
    <QtUic Include="MainWidget.ui">
      <Filter>Form Files</Filter>
    </QtUic>
    <QtUic Include="AttributeViewWidget.ui">
      <Filter>Source Files\Attribute</Filter>
    </QtUic>
    <QtUic Include="TextSelect.ui">
      <Filter>Source Files\SelectDialog</Filter>
    </QtUic>
    <QtUic Include="SymbolManger.ui">
      <Filter>Source Files\SymbolManager</Filter>
    </QtUic>
    <QtUic Include="RasterCalculatorTool.ui">
      <Filter>Source Files\SpatialAnalysisTools</Filter>
    </QtUic>
    <QtUic Include="Buffer.ui">
      <Filter>Source Files\SpatialAnalysisTools</Filter>
    </QtUic>
    <QtUic Include="Clip.ui">
      <Filter>Source Files\SpatialAnalysisTools</Filter>
    </QtUic>
  </ItemGroup>
  <ItemGroup>
    <Filter Include="Form Files">
      <UniqueIdentifier>{f0f737c2-67d6-4c8f-9aac-0ef9f81692f8}</UniqueIdentifier>
    </Filter>
    <Filter Include="Header Files">
      <UniqueIdentifier>{9a18ac3f-114f-4185-bcb8-5bd1d3dcfc7c}</UniqueIdentifier>
    </Filter>
    <Filter Include="Resource Files">
      <UniqueIdentifier>{f13a0c44-febc-468b-9d64-17a15ab43c13}</UniqueIdentifier>
    </Filter>
    <Filter Include="Source Files">
      <UniqueIdentifier>{c2c011b4-55d4-4bb9-aeb4-01647c05f696}</UniqueIdentifier>
    </Filter>
    <Filter Include="Source Files\Attribute">
      <UniqueIdentifier>{45ba95fb-2b95-45e7-a90e-c0417bd3a553}</UniqueIdentifier>
    </Filter>
    <Filter Include="Source Files\LayerItem">
      <UniqueIdentifier>{e8eed958-6f29-4c81-a09c-62ecaf1bffe5}</UniqueIdentifier>
    </Filter>
    <Filter Include="Source Files\MainWidget">
      <UniqueIdentifier>{b3a09915-8c29-484d-a235-94fb3bb9a1ed}</UniqueIdentifier>
    </Filter>
    <Filter Include="Source Files\MapCanvas">
      <UniqueIdentifier>{ee7200d4-1408-4c8b-8bc5-c464ac3a02e3}</UniqueIdentifier>
    </Filter>
    <Filter Include="Source Files\SelectDialog">
      <UniqueIdentifier>{f20d314d-d7b6-4195-be1a-c9f446eed1d3}</UniqueIdentifier>
    </Filter>
    <Filter Include="Source Files\SelectFeature">
      <UniqueIdentifier>{6cf24414-4578-4624-aaf8-8232477146d4}</UniqueIdentifier>
    </Filter>
    <Filter Include="Source Files\SymbolManager">
      <UniqueIdentifier>{f5865920-3142-4edf-a0dc-7ab0230e3b49}</UniqueIdentifier>
    </Filter>
    <Filter Include="Source Files\SpatialAnalysisTools">
      <UniqueIdentifier>{2eaab9b7-3e62-4c2a-91ef-9cb3354c9268}</UniqueIdentifier>
    </Filter>
    <Filter Include="Source Files\FeaturesEdit">
      <UniqueIdentifier>{7b2defde-cc87-47dd-9e33-c232557cdbfc}</UniqueIdentifier>
    </Filter>
  </ItemGroup>
  <ItemGroup>
    <QtRcc Include="MainWidget.qrc">
      <Filter>Resource Files</Filter>
    </QtRcc>
  </ItemGroup>
  <ItemGroup>
    <ClInclude Include="LayerItemMenu.h">
      <Filter>Source Files\LayerItem</Filter>
    </ClInclude>
    <ClInclude Include="LineEdit.h">
      <Filter>Source Files\FeaturesEdit</Filter>
    </ClInclude>
  </ItemGroup>
  <ItemGroup>
    <None Include="qss\MacOS.qss">
      <Filter>Resource Files</Filter>
    </None>
    <None Include="qss\Ubuntu.qss">
      <Filter>Resource Files</Filter>
    </None>
  </ItemGroup>
</Project>